
Microsoft Visual Studio Solution File, Format Version 12.00
# Visual Studio 14
VisualStudioVersion = 14.0.25420.1
MinimumVisualStudioVersion = 10.0.40219.1
Project("{FAE04EC0-301F-11D3-BF4B-00C04F79EFBC}") = "BOCWelcomeLetterGenerator", "BOCWelcomeLetterGenerator\BOCWelcomeLetterGenerator.csproj", "{776F8896-8D46-4615-8735-49D9BF47ACDC}"
EndProject
Global
	GlobalSection(SolutionConfigurationPlatforms) = preSolution
		Debug|Any CPU = Debug|Any CPU
		Release|Any CPU = Release|Any CPU
	EndGlobalSection
	GlobalSection(ProjectConfigurationPlatforms) = postSolution
		{776F8896-8D46-4615-8735-49D9BF47ACDC}.Debug|Any CPU.ActiveCfg = Debug|Any CPU
		{776F8896-8D46-4615-8735-49D9BF47ACDC}.Debug|Any CPU.Build.0 = Debug|Any CPU
		{776F8896-8D46-4615-8735-49D9BF47ACDC}.Release|Any CPU.ActiveCfg = Release|Any CPU
		{776F8896-8D46-4615-8735-49D9BF47ACDC}.Release|Any CPU.Build.0 = Release|Any CPU
	EndGlobalSection
	GlobalSection(SolutionProperties) = preSolution
		HideSolutionNode = FALSE
	EndGlobalSection
EndGlobal
